
Microsoft Visual Studio Solution File, Format Version 12.00
# Visual Studio Version 16
VisualStudioVersion = 16.0.29613.14
MinimumVisualStudioVersion = 10.0.40219.1
Project("{9A19103F-16F7-4668-BE54-9A1E7A4F7556}") = "BlazorDemo", "BlazorDemo\BlazorDemo.csproj", "{24802550-1D20-4331-80E3-4CAAF9D73987}"
EndProject
Global
	GlobalSection(SolutionConfigurationPlatforms) = preSolution
		Debug|Any CPU = Debug|Any CPU
		Release|Any CPU = Release|Any CPU
	EndGlobalSection
	GlobalSection(ProjectConfigurationPlatforms) = postSolution
		{24802550-1D20-4331-80E3-4CAAF9D73987}.Debug|Any CPU.ActiveCfg = Debug|Any CPU
		{24802550-1D20-4331-80E3-4CAAF9D73987}.Debug|Any CPU.Build.0 = Debug|Any CPU
		{24802550-1D20-4331-80E3-4CAAF9D73987}.Release|Any CPU.ActiveCfg = Release|Any CPU
		{24802550-1D20-4331-80E3-4CAAF9D73987}.Release|Any CPU.Build.0 = Release|Any CPU
	EndGlobalSection
	GlobalSection(SolutionProperties) = preSolution
		HideSolutionNode = FALSE
	EndGlobalSection
	GlobalSection(ExtensibilityGlobals) = postSolution
		SolutionGuid = {3FFD8E57-DB00-47CE-927B-5D7381121675}
	EndGlobalSection
EndGlobal
